{
    "_readme": [
        "This file locks the dependencies of your project to a known state",
        "Read more about it at https://getcomposer.org/doc/01-basic-usage.md#composer-lock-the-lock-file",
        "This file is @generated automatically"
    ],
    "hash": "b697a3ac5491924e51695add9e0df5b9",
    "packages": [
        {
            "name": "fluidtypo3/vhs",
            "version": "2.3.3",
            "source": {
                "type": "git",
                "url": "https://github.com/FluidTYPO3/vhs.git",
                "reference": "15789647ab516ac996105b7495d981c4f7476ec9"
            },
            "dist": {
                "type": "zip",
                "url": "https://api.github.com/repos/FluidTYPO3/vhs/zipball/15789647ab516ac996105b7495d981c4f7476ec9",
                "reference": "15789647ab516ac996105b7495d981c4f7476ec9",
                "shasum": ""
            },
            "require": {
                "php": ">=5.4.0"
            },
            "require-dev": {
                "fluidtypo3/development": "*"
            },
            "suggest": {
                "ext-tidy": "Allows to make use of the tidy ViewHelper"
            },
            "type": "typo3-cms-extension",
            "autoload": {
                "psr-4": {
                    "FluidTYPO3\\Vhs\\": "Classes/"
                }
            },
            "notification-url": "https://packagist.org/downloads/",
            "license": [
                "GPL-2.0+"
            ],
            "description": "The vhs package from FluidTYPO3",
            "homepage": "https://fluidtypo3.org",
            "keywords": [
                "TYPO3 CMS",
                "fedext",
                "fluid",
                "templating",
                "utility",
                "viewhelper"
            ],
            "time": "2015-05-20 11:13:08"
        },
        {
            "name": "framework/html5shiv",
            "version": "@dev",
            "source": {
                "type": "git",
                "url": "https://github.com/aFarkas/html5shiv.git",
                "reference": "master"
            },
            "type": "library",
            "time": "2015-06-22 14:53:40"
        },
        {
            "name": "framework/jquery",
            "version": "1.11.3",
            "dist": {
                "type": "file",
                "url": "http://code.jquery.com/jquery-1.11.3.min.js",
                "reference": null,
                "shasum": null
            },
            "type": "library"
        },
        {
            "name": "kenwheeler/slick",
            "version": "1.5.5",
            "source": {
                "type": "git",
                "url": "https://github.com/kenwheeler/slick.git",
                "reference": "1.5.5"
            },
            "type": "library"
        },
        {
            "name": "scottjehl/respond",
            "version": "1.4.2",
            "source": {
                "type": "git",
                "url": "https://github.com/scottjehl/Respond.git",
                "reference": "1.4.2"
            },
            "type": "library"
        },
        {
            "name": "twbs/bootstrap",
            "version": "v3.3.5",
            "source": {
                "type": "git",
                "url": "https://github.com/twbs/bootstrap.git",
                "reference": "16b48259a62f576e52c903c476bd42b90ab22482"
            },
            "dist": {
                "type": "zip",
                "url": "https://api.github.com/repos/twbs/bootstrap/zipball/16b48259a62f576e52c903c476bd42b90ab22482",
                "reference": "16b48259a62f576e52c903c476bd42b90ab22482",
                "shasum": ""
            },
            "replace": {
                "twitter/bootstrap": "self.version"
            },
            "type": "library",
            "extra": {
                "branch-alias": {
                    "dev-master": "3.3.x-dev"
                }
            },
            "notification-url": "https://packagist.org/downloads/",
            "license": [
                "MIT"
            ],
            "authors": [
                {
                    "name": "Jacob Thornton",
                    "email": "jacobthornton@gmail.com"
                },
                {
                    "name": "Mark Otto",
                    "email": "markdotto@gmail.com"
                }
            ],
            "description": "The most popular front-end framework for developing responsive, mobile first projects on the web.",
            "homepage": "http://getbootstrap.com",
            "keywords": [
                "JS",
                "css",
                "framework",
                "front-end",
                "less",
                "mobile-first",
                "responsive",
                "web"
            ],
            "time": "2015-06-16 16:13:22"
        }
    ],
    "packages-dev": [],
    "aliases": [],
    "minimum-stability": "stable",
    "stability-flags": {
        "framework/html5shiv": 20
    },
    "prefer-stable": false,
    "prefer-lowest": false,
    "platform": [],
    "platform-dev": []
}
